PODS:
  - Alamofire (5.2.2)
  - FSnapChatLoading (1.0.5)
  - HandyJSON (5.0.2)

DEPENDENCIES:
  - Alamofire (~> 5.2)
  - FSnapChatLoading
  - HandyJSON (~> 5.0.2)

SPEC REPOS:
  trunk:
    - Alamofire
    - FSnapChatLoading
    - HandyJSON

SPEC CHECKSUMS:
  Alamofire: 814429acc853c6c54ff123fc3d2ef66803823ce0
  FSnapChatLoading: c06f4e0a4a4ec1eba8f2fef46f8c1653cc79b2ef
  HandyJSON: 9e4e236f5d2dbefad5155a77417bbea438201c03

PODFILE CHECKSUM: 3646b27ea1c5e7bc1254a1a6233c1b51243826f3

COCOAPODS: 1.9.1
